{
  "name": "openrgb-loxone",
  "version": "1.0.0",
  "lockfileVersion": 1,
  "requires": true,
  "dependencies": {
    "argparse": {
      "version": "2.0.1",
      "resolved": "https://registry.npmjs.org/argparse/-/argparse-2.0.1.tgz",
      "integrity": "sha512-8+9WqebbFzpX9OR+Wa6O29asIogeRMzcGtAINdpMHHyAg10f05aSFVBbcEqGf/PXw1EjAZ+q2/bEBg3DvurK3Q=="
    },
    "bufferpack": {
      "version": "0.0.6",
      "resolved": "https://registry.npmjs.org/bufferpack/-/bufferpack-0.0.6.tgz",
      "integrity": "sha1-+z2HOKDh5OA7z/mfmnX57Bip1z4="
    },
    "openrgb-sdk": {
      "version": "0.5.1",
      "resolved": "https://registry.npmjs.org/openrgb-sdk/-/openrgb-sdk-0.5.1.tgz",
      "integrity": "sha512-qbzKzyksb4RLGgGCxcee4I47yePcOrSQuJyMAKMDeuWH/xUf8BzQ8d/1LQhw/4G8LIx1Ka2CV30OFM1vaolURg==",
      "requires": {
        "bufferpack": "0.0.6"
      }
    }
  }
}
